// !$*UTF8*$!
{
	archiveVersion = 1;
	classes = {
	};
	objectVersion = 50;
	objects = {

/* Begin PBXBuildFile section */
		3EBEA19F238E0C320055828F /* Pods_AsposeDiagramCloud.framework in Frameworks */ = {isa = PBXBuildFile; fileRef = 6456DFEF28DDED3D24ABD4E9 /* Pods_AsposeDiagramCloud.framework */; };
		6B30AF2E21FB032E009780DE /* 123.vsd in Resources */ = {isa = PBXBuildFile; fileRef = 6B30AF2B21FB032E009780DE /* 123.vsd */; };
		6B30AF2F21FB032E009780DE /* file_upload.vdx in Resources */ = {isa = PBXBuildFile; fileRef = 6B30AF2C21FB032E009780DE /* file_upload.vdx */; };
		6B30AF3021FB032E009780DE /* file_get_1.vdx in Resources */ = {isa = PBXBuildFile; fileRef = 6B30AF2D21FB032E009780DE /* file_get_1.vdx */; };
		6B4FF311220426EA00D967DE /* OAuthAPITests.swift in Sources */ = {isa = PBXBuildFile; fileRef = 6B4FF310220426EA00D967DE /* OAuthAPITests.swift */; };
		6B504BA82359B2E200C1E1EA /* DiagramAPITests.swift in Sources */ = {isa = PBXBuildFile; fileRef = 6B504BA72359B2E200C1E1EA /* DiagramAPITests.swift */; };
		6B5690FA2462AC4D006045F2 /* PageSetting.swift in Sources */ = {isa = PBXBuildFile; fileRef = 6B5690F12462AC4D006045F2 /* PageSetting.swift */; };
		6B5690FB2462AC4D006045F2 /* TextStyleData.swift in Sources */ = {isa = PBXBuildFile; fileRef = 6B5690F22462AC4D006045F2 /* TextStyleData.swift */; };
		6B5690FC2462AC4D006045F2 /* PolylineData.swift in Sources */ = {isa = PBXBuildFile; fileRef = 6B5690F32462AC4D006045F2 /* PolylineData.swift */; };
		6B5690FD2462AC4D006045F2 /* LineData.swift in Sources */ = {isa = PBXBuildFile; fileRef = 6B5690F42462AC4D006045F2 /* LineData.swift */; };
		6B5690FE2462AC4D006045F2 /* PageData.swift in Sources */ = {isa = PBXBuildFile; fileRef = 6B5690F52462AC4D006045F2 /* PageData.swift */; };
		6B5690FF2462AC4D006045F2 /* EllipseData.swift in Sources */ = {isa = PBXBuildFile; fileRef = 6B5690F62462AC4D006045F2 /* EllipseData.swift */; };
		6B5691002462AC4D006045F2 /* ApiResponseOfListOfPageData.swift in Sources */ = {isa = PBXBuildFile; fileRef = 6B5690F72462AC4D006045F2 /* ApiResponseOfListOfPageData.swift */; };
		6B5691012462AC4D006045F2 /* ShapeData.swift in Sources */ = {isa = PBXBuildFile; fileRef = 6B5690F82462AC4D006045F2 /* ShapeData.swift */; };
		6B5691022462AC4D006045F2 /* DrawShapeData.swift in Sources */ = {isa = PBXBuildFile; fileRef = 6B5690F92462AC4D006045F2 /* DrawShapeData.swift */; };
		6B5691042462AEE1006045F2 /* ShapeStyleData.swift in Sources */ = {isa = PBXBuildFile; fileRef = 6B5691032462AEE0006045F2 /* ShapeStyleData.swift */; };
		6B5DDE722463ECC40038F1BA /* PageAPITests.swift in Sources */ = {isa = PBXBuildFile; fileRef = 6B5DDE712463ECC40038F1BA /* PageAPITests.swift */; };
		6B5DDE742463F8970038F1BA /* DrawAPITests.swift in Sources */ = {isa = PBXBuildFile; fileRef = 6B5DDE732463F8970038F1BA /* DrawAPITests.swift */; };
		6B7B637A2356FE4D00FB267B /* DiagramAPI.swift in Sources */ = {isa = PBXBuildFile; fileRef = 6B7B63772356FE4D00FB267B /* DiagramAPI.swift */; };
		6B7B637B2356FE4D00FB267B /* OAuthAPI.swift in Sources */ = {isa = PBXBuildFile; fileRef = 6B7B63782356FE4D00FB267B /* OAuthAPI.swift */; };
		6B7B637C2356FE4D00FB267B /* StorageAPI.swift in Sources */ = {isa = PBXBuildFile; fileRef = 6B7B63792356FE4D00FB267B /* StorageAPI.swift */; };
		6B7B639D2356FEC600FB267B /* StorageFile.swift in Sources */ = {isa = PBXBuildFile; fileRef = 6B7B637D2356FEC500FB267B /* StorageFile.swift */; };
		6B7B639E2356FEC600FB267B /* CreateNewResponse.swift in Sources */ = {isa = PBXBuildFile; fileRef = 6B7B637E2356FEC500FB267B /* CreateNewResponse.swift */; };
		6B7B639F2356FEC600FB267B /* SVGSaveOptions.swift in Sources */ = {isa = PBXBuildFile; fileRef = 6B7B637F2356FEC500FB267B /* SVGSaveOptions.swift */; };
		6B7B63A02356FEC600FB267B /* SaveOptionsRequest.swift in Sources */ = {isa = PBXBuildFile; fileRef = 6B7B63802356FEC500FB267B /* SaveOptionsRequest.swift */; };
		6B7B63A12356FEC600FB267B /* SWFSaveOptions.swift in Sources */ = {isa = PBXBuildFile; fileRef = 6B7B63812356FEC500FB267B /* SWFSaveOptions.swift */; };
		6B7B63A22356FEC600FB267B /* PdfSaveOptions.swift in Sources */ = {isa = PBXBuildFile; fileRef = 6B7B63822356FEC500FB267B /* PdfSaveOptions.swift */; };
		6B7B63A32356FEC600FB267B /* RectangleF.swift in Sources */ = {isa = PBXBuildFile; fileRef = 6B7B63832356FEC500FB267B /* RectangleF.swift */; };
		6B7B63A42356FEC600FB267B /* FileVersions.swift in Sources */ = {isa = PBXBuildFile; fileRef = 6B7B63842356FEC500FB267B /* FileVersions.swift */; };
		6B7B63A52356FEC600FB267B /* SaaSposeResponse.swift in Sources */ = {isa = PBXBuildFile; fileRef = 6B7B63852356FEC500FB267B /* SaaSposeResponse.swift */; };
		6B7B63A62356FEC600FB267B /* RenderingSaveOptions.swift in Sources */ = {isa = PBXBuildFile; fileRef = 6B7B63862356FEC500FB267B /* RenderingSaveOptions.swift */; };
		6B7B63A72356FEC600FB267B /* HTMLSaveOptions.swift in Sources */ = {isa = PBXBuildFile; fileRef = 6B7B63872356FEC500FB267B /* HTMLSaveOptions.swift */; };
		6B7B63A82356FEC600FB267B /* AccessTokenResponse.swift in Sources */ = {isa = PBXBuildFile; fileRef = 6B7B63882356FEC500FB267B /* AccessTokenResponse.swift */; };
		6B7B63A92356FEC600FB267B /* ModifyResponse.swift in Sources */ = {isa = PBXBuildFile; fileRef = 6B7B63892356FEC500FB267B /* ModifyResponse.swift */; };
		6B7B63AA2356FEC600FB267B /* ImageSaveOptions.swift in Sources */ = {isa = PBXBuildFile; fileRef = 6B7B638A2356FEC500FB267B /* ImageSaveOptions.swift */; };
		6B7B63AB2356FEC600FB267B /* SaveAsResponse.swift in Sources */ = {isa = PBXBuildFile; fileRef = 6B7B638B2356FEC600FB267B /* SaveAsResponse.swift */; };
		6B7B63AC2356FEC600FB267B /* ErrorInfo.swift in Sources */ = {isa = PBXBuildFile; fileRef = 6B7B638C2356FEC600FB267B /* ErrorInfo.swift */; };
		6B7B63AD2356FEC600FB267B /* SaveOptionsModel.swift in Sources */ = {isa = PBXBuildFile; fileRef = 6B7B638D2356FEC600FB267B /* SaveOptionsModel.swift */; };
		6B7B63AE2356FEC600FB267B /* PageSize.swift in Sources */ = {isa = PBXBuildFile; fileRef = 6B7B638E2356FEC600FB267B /* PageSize.swift */; };
		6B7B63AF2356FEC600FB267B /* XAMLSaveOptions.swift in Sources */ = {isa = PBXBuildFile; fileRef = 6B7B638F2356FEC600FB267B /* XAMLSaveOptions.swift */; };
		6B7B63B02356FEC600FB267B /* XPSSaveOptions.swift in Sources */ = {isa = PBXBuildFile; fileRef = 6B7B63902356FEC600FB267B /* XPSSaveOptions.swift */; };
		6B7B63B12356FEC600FB267B /* PointF.swift in Sources */ = {isa = PBXBuildFile; fileRef = 6B7B63912356FEC600FB267B /* PointF.swift */; };
		6B7B63B22356FEC600FB267B /* UploadResponse.swift in Sources */ = {isa = PBXBuildFile; fileRef = 6B7B63922356FEC600FB267B /* UploadResponse.swift */; };
		6B7B63B32356FEC600FB267B /* PdfEncryptionDetails.swift in Sources */ = {isa = PBXBuildFile; fileRef = 6B7B63932356FEC600FB267B /* PdfEncryptionDetails.swift */; };
		6B7B63B42356FEC600FB267B /* FileVersion.swift in Sources */ = {isa = PBXBuildFile; fileRef = 6B7B63942356FEC600FB267B /* FileVersion.swift */; };
		6B7B63B52356FEC600FB267B /* ObjectExist.swift in Sources */ = {isa = PBXBuildFile; fileRef = 6B7B63952356FEC600FB267B /* ObjectExist.swift */; };
		6B7B63B62356FEC600FB267B /* StorageExist.swift in Sources */ = {isa = PBXBuildFile; fileRef = 6B7B63962356FEC600FB267B /* StorageExist.swift */; };
		6B7B63B72356FEC600FB267B /* DiagramSaveOptions.swift in Sources */ = {isa = PBXBuildFile; fileRef = 6B7B63972356FEC600FB267B /* DiagramSaveOptions.swift */; };
		6B7B63B82356FEC600FB267B /* FilesUploadResult.swift in Sources */ = {isa = PBXBuildFile; fileRef = 6B7B63982356FEC600FB267B /* FilesUploadResult.swift */; };
		6B7B63B92356FEC600FB267B /* ErrorDetails.swift in Sources */ = {isa = PBXBuildFile; fileRef = 6B7B63992356FEC600FB267B /* ErrorDetails.swift */; };
		6B7B63BA2356FEC600FB267B /* DiscUsage.swift in Sources */ = {isa = PBXBuildFile; fileRef = 6B7B639A2356FEC600FB267B /* DiscUsage.swift */; };
		6B7B63BB2356FEC600FB267B /* PdfDigitalSignatureDetails.swift in Sources */ = {isa = PBXBuildFile; fileRef = 6B7B639B2356FEC600FB267B /* PdfDigitalSignatureDetails.swift */; };
		6B7B63BC2356FEC600FB267B /* FilesList.swift in Sources */ = {isa = PBXBuildFile; fileRef = 6B7B639C2356FEC600FB267B /* FilesList.swift */; };
		6B8E921E21F99BF100907827 /* CodableHelper.swift in Sources */ = {isa = PBXBuildFile; fileRef = 6B8E921821F99BF100907827 /* CodableHelper.swift */; };
		6B8E921F21F99BF100907827 /* JSONEncodableEncoding.swift in Sources */ = {isa = PBXBuildFile; fileRef = 6B8E921921F99BF100907827 /* JSONEncodableEncoding.swift */; };
		6B8E922021F99BF100907827 /* JSONEncodingHelper.swift in Sources */ = {isa = PBXBuildFile; fileRef = 6B8E921A21F99BF100907827 /* JSONEncodingHelper.swift */; };
		6B8E922121F99BF100907827 /* AuthAspose.swift in Sources */ = {isa = PBXBuildFile; fileRef = 6B8E921B21F99BF100907827 /* AuthAspose.swift */; };
		6B8E922221F99BF100907827 /* HttpStatusCode.swift in Sources */ = {isa = PBXBuildFile; fileRef = 6B8E921C21F99BF100907827 /* HttpStatusCode.swift */; };
		6B8E922321F99BF100907827 /* Configuration.swift in Sources */ = {isa = PBXBuildFile; fileRef = 6B8E921D21F99BF100907827 /* Configuration.swift */; };
		6B95ED6921F8155F0012927F /* AsposeDiagramCloud.framework in Frameworks */ = {isa = PBXBuildFile; fileRef = 6B95ED5F21F8155F0012927F /* AsposeDiagramCloud.framework */; };
		6B95ED7021F8155F0012927F /* AsposeDiagramCloud.h in Headers */ = {isa = PBXBuildFile; fileRef = 6B95ED6221F8155F0012927F /* AsposeDiagramCloud.h */; settings = {ATTRIBUTES = (Public, ); }; };
		6B95EDB221F866820012927F /* APIHelper.swift in Sources */ = {isa = PBXBuildFile; fileRef = 6B95ED9F21F866820012927F /* APIHelper.swift */; };
		6B95EDB321F866820012927F /* AlamofireImplementations.swift in Sources */ = {isa = PBXBuildFile; fileRef = 6B95EDA021F866820012927F /* AlamofireImplementations.swift */; };
		6B95EDB621F866820012927F /* APIs.swift in Sources */ = {isa = PBXBuildFile; fileRef = 6B95EDA421F866820012927F /* APIs.swift */; };
		6B95EDC121F866820012927F /* Extensions.swift in Sources */ = {isa = PBXBuildFile; fileRef = 6B95EDB021F866820012927F /* Extensions.swift */; };
		6B95EDC221F866820012927F /* Models.swift in Sources */ = {isa = PBXBuildFile; fileRef = 6B95EDB121F866820012927F /* Models.swift */; };
		6BAA65BD23584991002294D1 /* AsposeDiagramCloudTests.swift in Sources */ = {isa = PBXBuildFile; fileRef = 6BAA65BC23584991002294D1 /* AsposeDiagramCloudTests.swift */; };
		6BAA65BF2358506D002294D1 /* StorageAPITests.swift in Sources */ = {isa = PBXBuildFile; fileRef = 6BAA65BE2358506D002294D1 /* StorageAPITests.swift */; };
		6BAA65C2235856FD002294D1 /* FileUpload.vdx in Resources */ = {isa = PBXBuildFile; fileRef = 6BAA65C0235856FD002294D1 /* FileUpload.vdx */; };
		6BAA65C3235856FD002294D1 /* Source.vsd in Resources */ = {isa = PBXBuildFile; fileRef = 6BAA65C1235856FD002294D1 /* Source.vsd */; };
		DB2D03D1E25F57D02245E8ED /* Pods_AsposeDiagramCloudTests.framework in Frameworks */ = {isa = PBXBuildFile; fileRef = 2059740C370F7171FD9CB4AF /* Pods_AsposeDiagramCloudTests.framework */; };
/* End PBXBuildFile section */

/* Begin PBXContainerItemProxy section */
		6B95ED6A21F8155F0012927F /* PBXContainerItemProxy */ = {
			isa = PBXContainerItemProxy;
			containerPortal = 6B95ED5621F8155F0012927F /* Project object */;
			proxyType = 1;
			remoteGlobalIDString = 6B95ED5E21F8155F0012927F;
			remoteInfo = AsposeDiagramCloud;
		};
/* End PBXContainerItemProxy section */

/* Begin PBXFileReference section */
		187B118AB39938F6F7A52B04 /* Pods-AsposeDiagramCloud.release.xcconfig */ = {isa = PBXFileReference; includeInIndex = 1; lastKnownFileType = text.xcconfig; name = "Pods-AsposeDiagramCloud.release.xcconfig"; path = "Pods/Target Support Files/Pods-AsposeDiagramCloud/Pods-AsposeDiagramCloud.release.xcconfig"; sourceTree = "<group>"; };
		2059740C370F7171FD9CB4AF /* Pods_AsposeDiagramCloudTests.framework */ = {isa = PBXFileReference; explicitFileType = wrapper.framework; includeInIndex = 0; path = Pods_AsposeDiagramCloudTests.framework; sourceTree = BUILT_PRODUCTS_DIR; };
		2645BB82DFD6E6E119F2165F /* Pods-AsposeDiagramCloud.debug.xcconfig */ = {isa = PBXFileReference; includeInIndex = 1; lastKnownFileType = text.xcconfig; name = "Pods-AsposeDiagramCloud.debug.xcconfig"; path = "Pods/Target Support Files/Pods-AsposeDiagramCloud/Pods-AsposeDiagramCloud.debug.xcconfig"; sourceTree = "<group>"; };
		6456DFEF28DDED3D24ABD4E9 /* Pods_AsposeDiagramCloud.framework */ = {isa = PBXFileReference; explicitFileType = wrapper.framework; includeInIndex = 0; path = Pods_AsposeDiagramCloud.framework; sourceTree = BUILT_PRODUCTS_DIR; };
		6B30AF2B21FB032E009780DE /* 123.vsd */ = {isa = PBXFileReference; lastKnownFileType = file; path = 123.vsd; sourceTree = "<group>"; };
		6B30AF2C21FB032E009780DE /* file_upload.vdx */ = {isa = PBXFileReference; fileEncoding = 4; lastKnownFileType = text.xml; path = file_upload.vdx; sourceTree = "<group>"; };
		6B30AF2D21FB032E009780DE /* file_get_1.vdx */ = {isa = PBXFileReference; fileEncoding = 4; lastKnownFileType = text.xml; path = file_get_1.vdx; sourceTree = "<group>"; };
		6B4FF310220426EA00D967DE /* OAuthAPITests.swift */ = {isa = PBXFileReference; fileEncoding = 4; lastKnownFileType = sourcecode.swift; path = OAuthAPITests.swift; sourceTree = "<group>"; };
		6B504BA72359B2E200C1E1EA /* DiagramAPITests.swift */ = {isa = PBXFileReference; fileEncoding = 4; lastKnownFileType = sourcecode.swift; path = DiagramAPITests.swift; sourceTree = "<group>"; };
		6B5690F12462AC4D006045F2 /* PageSetting.swift */ = {isa = PBXFileReference; fileEncoding = 4; lastKnownFileType = sourcecode.swift; path = PageSetting.swift; sourceTree = "<group>"; };
		6B5690F22462AC4D006045F2 /* TextStyleData.swift */ = {isa = PBXFileReference; fileEncoding = 4; lastKnownFileType = sourcecode.swift; path = TextStyleData.swift; sourceTree = "<group>"; };
		6B5690F32462AC4D006045F2 /* PolylineData.swift */ = {isa = PBXFileReference; fileEncoding = 4; lastKnownFileType = sourcecode.swift; path = PolylineData.swift; sourceTree = "<group>"; };
		6B5690F42462AC4D006045F2 /* LineData.swift */ = {isa = PBXFileReference; fileEncoding = 4; lastKnownFileType = sourcecode.swift; path = LineData.swift; sourceTree = "<group>"; };
		6B5690F52462AC4D006045F2 /* PageData.swift */ = {isa = PBXFileReference; fileEncoding = 4; lastKnownFileType = sourcecode.swift; path = PageData.swift; sourceTree = "<group>"; };
		6B5690F62462AC4D006045F2 /* EllipseData.swift */ = {isa = PBXFileReference; fileEncoding = 4; lastKnownFileType = sourcecode.swift; path = EllipseData.swift; sourceTree = "<group>"; };
		6B5690F72462AC4D006045F2 /* ApiResponseOfListOfPageData.swift */ = {isa = PBXFileReference; fileEncoding = 4; lastKnownFileType = sourcecode.swift; path = ApiResponseOfListOfPageData.swift; sourceTree = "<group>"; };
		6B5690F82462AC4D006045F2 /* ShapeData.swift */ = {isa = PBXFileReference; fileEncoding = 4; lastKnownFileType = sourcecode.swift; path = ShapeData.swift; sourceTree = "<group>"; };
		6B5690F92462AC4D006045F2 /* DrawShapeData.swift */ = {isa = PBXFileReference; fileEncoding = 4; lastKnownFileType = sourcecode.swift; path = DrawShapeData.swift; sourceTree = "<group>"; };
		6B5691032462AEE0006045F2 /* ShapeStyleData.swift */ = {isa = PBXFileReference; fileEncoding = 4; lastKnownFileType = sourcecode.swift; path = ShapeStyleData.swift; sourceTree = "<group>"; };
		6B5DDE712463ECC40038F1BA /* PageAPITests.swift */ = {isa = PBXFileReference; fileEncoding = 4; lastKnownFileType = sourcecode.swift; path = PageAPITests.swift; sourceTree = "<group>"; };
		6B5DDE732463F8970038F1BA /* DrawAPITests.swift */ = {isa = PBXFileReference; fileEncoding = 4; lastKnownFileType = sourcecode.swift; path = DrawAPITests.swift; sourceTree = "<group>"; };
		6B7B63772356FE4D00FB267B /* DiagramAPI.swift */ = {isa = PBXFileReference; fileEncoding = 4; lastKnownFileType = sourcecode.swift; path = DiagramAPI.swift; sourceTree = "<group>"; };
		6B7B63782356FE4D00FB267B /* OAuthAPI.swift */ = {isa = PBXFileReference; fileEncoding = 4; lastKnownFileType = sourcecode.swift; path = OAuthAPI.swift; sourceTree = "<group>"; };
		6B7B63792356FE4D00FB267B /* StorageAPI.swift */ = {isa = PBXFileReference; fileEncoding = 4; lastKnownFileType = sourcecode.swift; path = StorageAPI.swift; sourceTree = "<group>"; };
		6B7B637D2356FEC500FB267B /* StorageFile.swift */ = {isa = PBXFileReference; fileEncoding = 4; lastKnownFileType = sourcecode.swift; path = StorageFile.swift; sourceTree = "<group>"; };
		6B7B637E2356FEC500FB267B /* CreateNewResponse.swift */ = {isa = PBXFileReference; fileEncoding = 4; lastKnownFileType = sourcecode.swift; path = CreateNewResponse.swift; sourceTree = "<group>"; };
		6B7B637F2356FEC500FB267B /* SVGSaveOptions.swift */ = {isa = PBXFileReference; fileEncoding = 4; lastKnownFileType = sourcecode.swift; path = SVGSaveOptions.swift; sourceTree = "<group>"; };
		6B7B63802356FEC500FB267B /* SaveOptionsRequest.swift */ = {isa = PBXFileReference; fileEncoding = 4; lastKnownFileType = sourcecode.swift; path = SaveOptionsRequest.swift; sourceTree = "<group>"; };
		6B7B63812356FEC500FB267B /* SWFSaveOptions.swift */ = {isa = PBXFileReference; fileEncoding = 4; lastKnownFileType = sourcecode.swift; path = SWFSaveOptions.swift; sourceTree = "<group>"; };
		6B7B63822356FEC500FB267B /* PdfSaveOptions.swift */ = {isa = PBXFileReference; fileEncoding = 4; lastKnownFileType = sourcecode.swift; path = PdfSaveOptions.swift; sourceTree = "<group>"; };
		6B7B63832356FEC500FB267B /* RectangleF.swift */ = {isa = PBXFileReference; fileEncoding = 4; lastKnownFileType = sourcecode.swift; path = RectangleF.swift; sourceTree = "<group>"; };
		6B7B63842356FEC500FB267B /* FileVersions.swift */ = {isa = PBXFileReference; fileEncoding = 4; lastKnownFileType = sourcecode.swift; path = FileVersions.swift; sourceTree = "<group>"; };
		6B7B63852356FEC500FB267B /* SaaSposeResponse.swift */ = {isa = PBXFileReference; fileEncoding = 4; lastKnownFileType = sourcecode.swift; path = SaaSposeResponse.swift; sourceTree = "<group>"; };
		6B7B63862356FEC500FB267B /* RenderingSaveOptions.swift */ = {isa = PBXFileReference; fileEncoding = 4; lastKnownFileType = sourcecode.swift; path = RenderingSaveOptions.swift; sourceTree = "<group>"; };
		6B7B63872356FEC500FB267B /* HTMLSaveOptions.swift */ = {isa = PBXFileReference; fileEncoding = 4; lastKnownFileType = sourcecode.swift; path = HTMLSaveOptions.swift; sourceTree = "<group>"; };
		6B7B63882356FEC500FB267B /* AccessTokenResponse.swift */ = {isa = PBXFileReference; fileEncoding = 4; lastKnownFileType = sourcecode.swift; path = AccessTokenResponse.swift; sourceTree = "<group>"; };
		6B7B63892356FEC500FB267B /* ModifyResponse.swift */ = {isa = PBXFileReference; fileEncoding = 4; lastKnownFileType = sourcecode.swift; path = ModifyResponse.swift; sourceTree = "<group>"; };
		6B7B638A2356FEC500FB267B /* ImageSaveOptions.swift */ = {isa = PBXFileReference; fileEncoding = 4; lastKnownFileType = sourcecode.swift; path = ImageSaveOptions.swift; sourceTree = "<group>"; };
		6B7B638B2356FEC600FB267B /* SaveAsResponse.swift */ = {isa = PBXFileReference; fileEncoding = 4; lastKnownFileType = sourcecode.swift; path = SaveAsResponse.swift; sourceTree = "<group>"; };
		6B7B638C2356FEC600FB267B /* ErrorInfo.swift */ = {isa = PBXFileReference; fileEncoding = 4; lastKnownFileType = sourcecode.swift; path = ErrorInfo.swift; sourceTree = "<group>"; };
		6B7B638D2356FEC600FB267B /* SaveOptionsModel.swift */ = {isa = PBXFileReference; fileEncoding = 4; lastKnownFileType = sourcecode.swift; path = SaveOptionsModel.swift; sourceTree = "<group>"; };
		6B7B638E2356FEC600FB267B /* PageSize.swift */ = {isa = PBXFileReference; fileEncoding = 4; lastKnownFileType = sourcecode.swift; path = PageSize.swift; sourceTree = "<group>"; };
		6B7B638F2356FEC600FB267B /* XAMLSaveOptions.swift */ = {isa = PBXFileReference; fileEncoding = 4; lastKnownFileType = sourcecode.swift; path = XAMLSaveOptions.swift; sourceTree = "<group>"; };
		6B7B63902356FEC600FB267B /* XPSSaveOptions.swift */ = {isa = PBXFileReference; fileEncoding = 4; lastKnownFileType = sourcecode.swift; path = XPSSaveOptions.swift; sourceTree = "<group>"; };
		6B7B63912356FEC600FB267B /* PointF.swift */ = {isa = PBXFileReference; fileEncoding = 4; lastKnownFileType = sourcecode.swift; path = PointF.swift; sourceTree = "<group>"; };
		6B7B63922356FEC600FB267B /* UploadResponse.swift */ = {isa = PBXFileReference; fileEncoding = 4; lastKnownFileType = sourcecode.swift; path = UploadResponse.swift; sourceTree = "<group>"; };
		6B7B63932356FEC600FB267B /* PdfEncryptionDetails.swift */ = {isa = PBXFileReference; fileEncoding = 4; lastKnownFileType = sourcecode.swift; path = PdfEncryptionDetails.swift; sourceTree = "<group>"; };
		6B7B63942356FEC600FB267B /* FileVersion.swift */ = {isa = PBXFileReference; fileEncoding = 4; lastKnownFileType = sourcecode.swift; path = FileVersion.swift; sourceTree = "<group>"; };
		6B7B63952356FEC600FB267B /* ObjectExist.swift */ = {isa = PBXFileReference; fileEncoding = 4; lastKnownFileType = sourcecode.swift; path = ObjectExist.swift; sourceTree = "<group>"; };
		6B7B63962356FEC600FB267B /* StorageExist.swift */ = {isa = PBXFileReference; fileEncoding = 4; lastKnownFileType = sourcecode.swift; path = StorageExist.swift; sourceTree = "<group>"; };
		6B7B63972356FEC600FB267B /* DiagramSaveOptions.swift */ = {isa = PBXFileReference; fileEncoding = 4; lastKnownFileType = sourcecode.swift; path = DiagramSaveOptions.swift; sourceTree = "<group>"; };
		6B7B63982356FEC600FB267B /* FilesUploadResult.swift */ = {isa = PBXFileReference; fileEncoding = 4; lastKnownFileType = sourcecode.swift; path = FilesUploadResult.swift; sourceTree = "<group>"; };
		6B7B63992356FEC600FB267B /* ErrorDetails.swift */ = {isa = PBXFileReference; fileEncoding = 4; lastKnownFileType = sourcecode.swift; path = ErrorDetails.swift; sourceTree = "<group>"; };
		6B7B639A2356FEC600FB267B /* DiscUsage.swift */ = {isa = PBXFileReference; fileEncoding = 4; lastKnownFileType = sourcecode.swift; path = DiscUsage.swift; sourceTree = "<group>"; };
		6B7B639B2356FEC600FB267B /* PdfDigitalSignatureDetails.swift */ = {isa = PBXFileReference; fileEncoding = 4; lastKnownFileType = sourcecode.swift; path = PdfDigitalSignatureDetails.swift; sourceTree = "<group>"; };
		6B7B639C2356FEC600FB267B /* FilesList.swift */ = {isa = PBXFileReference; fileEncoding = 4; lastKnownFileType = sourcecode.swift; path = FilesList.swift; sourceTree = "<group>"; };
		6B8E921821F99BF100907827 /* CodableHelper.swift */ = {isa = PBXFileReference; fileEncoding = 4; lastKnownFileType = sourcecode.swift; path = CodableHelper.swift; sourceTree = "<group>"; };
		6B8E921921F99BF100907827 /* JSONEncodableEncoding.swift */ = {isa = PBXFileReference; fileEncoding = 4; lastKnownFileType = sourcecode.swift; path = JSONEncodableEncoding.swift; sourceTree = "<group>"; };
		6B8E921A21F99BF100907827 /* JSONEncodingHelper.swift */ = {isa = PBXFileReference; fileEncoding = 4; lastKnownFileType = sourcecode.swift; path = JSONEncodingHelper.swift; sourceTree = "<group>"; };
		6B8E921B21F99BF100907827 /* AuthAspose.swift */ = {isa = PBXFileReference; fileEncoding = 4; lastKnownFileType = sourcecode.swift; path = AuthAspose.swift; sourceTree = "<group>"; };
		6B8E921C21F99BF100907827 /* HttpStatusCode.swift */ = {isa = PBXFileReference; fileEncoding = 4; lastKnownFileType = sourcecode.swift; path = HttpStatusCode.swift; sourceTree = "<group>"; };
		6B8E921D21F99BF100907827 /* Configuration.swift */ = {isa = PBXFileReference; fileEncoding = 4; lastKnownFileType = sourcecode.swift; path = Configuration.swift; sourceTree = "<group>"; };
		6B95ED5F21F8155F0012927F /* AsposeDiagramCloud.framework */ = {isa = PBXFileReference; explicitFileType = wrapper.framework; includeInIndex = 0; path = AsposeDiagramCloud.framework; sourceTree = BUILT_PRODUCTS_DIR; };
		6B95ED6221F8155F0012927F /* AsposeDiagramCloud.h */ = {isa = PBXFileReference; lastKnownFileType = sourcecode.c.h; path = AsposeDiagramCloud.h; sourceTree = "<group>"; };
		6B95ED6321F8155F0012927F /* Info.plist */ = {isa = PBXFileReference; lastKnownFileType = text.plist.xml; path = Info.plist; sourceTree = "<group>"; };
		6B95ED6821F8155F0012927F /* AsposeDiagramCloudTests.xctest */ = {isa = PBXFileReference; explicitFileType = wrapper.cfbundle; includeInIndex = 0; path = AsposeDiagramCloudTests.xctest; sourceTree = BUILT_PRODUCTS_DIR; };
		6B95ED6F21F8155F0012927F /* Info.plist */ = {isa = PBXFileReference; lastKnownFileType = text.plist.xml; path = Info.plist; sourceTree = "<group>"; };
		6B95ED9F21F866820012927F /* APIHelper.swift */ = {isa = PBXFileReference; fileEncoding = 4; lastKnownFileType = sourcecode.swift; path = APIHelper.swift; sourceTree = "<group>"; };
		6B95EDA021F866820012927F /* AlamofireImplementations.swift */ = {isa = PBXFileReference; fileEncoding = 4; lastKnownFileType = sourcecode.swift; path = AlamofireImplementations.swift; sourceTree = "<group>"; };
		6B95EDA421F866820012927F /* APIs.swift */ = {isa = PBXFileReference; fileEncoding = 4; lastKnownFileType = sourcecode.swift; path = APIs.swift; sourceTree = "<group>"; };
		6B95EDB021F866820012927F /* Extensions.swift */ = {isa = PBXFileReference; fileEncoding = 4; lastKnownFileType = sourcecode.swift; path = Extensions.swift; sourceTree = "<group>"; };
		6B95EDB121F866820012927F /* Models.swift */ = {isa = PBXFileReference; fileEncoding = 4; lastKnownFileType = sourcecode.swift; path = Models.swift; sourceTree = "<group>"; };
		6BAA65BC23584991002294D1 /* AsposeDiagramCloudTests.swift */ = {isa = PBXFileReference; fileEncoding = 4; lastKnownFileType = sourcecode.swift; path = AsposeDiagramCloudTests.swift; sourceTree = "<group>"; };
		6BAA65BE2358506D002294D1 /* StorageAPITests.swift */ = {isa = PBXFileReference; fileEncoding = 4; lastKnownFileType = sourcecode.swift; path = StorageAPITests.swift; sourceTree = "<group>"; };
		6BAA65C0235856FD002294D1 /* FileUpload.vdx */ = {isa = PBXFileReference; fileEncoding = 4; lastKnownFileType = text.xml; path = FileUpload.vdx; sourceTree = "<group>"; };
		6BAA65C1235856FD002294D1 /* Source.vsd */ = {isa = PBXFileReference; lastKnownFileType = file; path = Source.vsd; sourceTree = "<group>"; };
		EACC98A672E3962F78688520 /* Pods-AsposeDiagramCloudTests.release.xcconfig */ = {isa = PBXFileReference; includeInIndex = 1; lastKnownFileType = text.xcconfig; name = "Pods-AsposeDiagramCloudTests.release.xcconfig"; path = "Pods/Target Support Files/Pods-AsposeDiagramCloudTests/Pods-AsposeDiagramCloudTests.release.xcconfig"; sourceTree = "<group>"; };
		FDC59FB7849CAF82CD4AA812 /* Pods-AsposeDiagramCloudTests.debug.xcconfig */ = {isa = PBXFileReference; includeInIndex = 1; lastKnownFileType = text.xcconfig; name = "Pods-AsposeDiagramCloudTests.debug.xcconfig"; path = "Pods/Target Support Files/Pods-AsposeDiagramCloudTests/Pods-AsposeDiagramCloudTests.debug.xcconfig"; sourceTree = "<group>"; };
/* End PBXFileReference section */

/* Begin PBXFrameworksBuildPhase section */
		6B95ED5C21F8155F0012927F /* Frameworks */ = {
			isa = PBXFrameworksBuildPhase;
			buildActionMask = 2147483647;
			files = (
				3EBEA19F238E0C320055828F /* Pods_AsposeDiagramCloud.framework in Frameworks */,
			);
			runOnlyForDeploymentPostprocessing = 0;
		};
		6B95ED6521F8155F0012927F /* Frameworks */ = {
			isa = PBXFrameworksBuildPhase;
			buildActionMask = 2147483647;
			files = (
				6B95ED6921F8155F0012927F /* AsposeDiagramCloud.framework in Frameworks */,
				DB2D03D1E25F57D02245E8ED /* Pods_AsposeDiagramCloudTests.framework in Frameworks */,
			);
			runOnlyForDeploymentPostprocessing = 0;
		};
/* End PBXFrameworksBuildPhase section */

/* Begin PBXGroup section */
		6B30AF2A21FB032E009780DE /* TestData */ = {
			isa = PBXGroup;
			children = (
				6BAA65C0235856FD002294D1 /* FileUpload.vdx */,
				6BAA65C1235856FD002294D1 /* Source.vsd */,
				6B30AF2B21FB032E009780DE /* 123.vsd */,
				6B30AF2C21FB032E009780DE /* file_upload.vdx */,
				6B30AF2D21FB032E009780DE /* file_get_1.vdx */,
			);
			path = TestData;
			sourceTree = "<group>";
		};
		6B8E921721F99BF100907827 /* pal */ = {
			isa = PBXGroup;
			children = (
				6B8E921821F99BF100907827 /* CodableHelper.swift */,
				6B8E921921F99BF100907827 /* JSONEncodableEncoding.swift */,
				6B8E921A21F99BF100907827 /* JSONEncodingHelper.swift */,
				6B8E921B21F99BF100907827 /* AuthAspose.swift */,
				6B8E921C21F99BF100907827 /* HttpStatusCode.swift */,
				6B8E921D21F99BF100907827 /* Configuration.swift */,
			);
			path = pal;
			sourceTree = "<group>";
		};
		6B95ED5521F8155F0012927F = {
			isa = PBXGroup;
			children = (
				6B30AF2A21FB032E009780DE /* TestData */,
				6B95ED6121F8155F0012927F /* AsposeDiagramCloud */,
				6B95ED6C21F8155F0012927F /* AsposeDiagramCloudTests */,
				6B95ED6021F8155F0012927F /* Products */,
				D9608DDEB57F5AB0054F3537 /* Pods */,
				FE3725DA5255A20068D8D25D /* Frameworks */,
			);
			sourceTree = "<group>";
		};
		6B95ED6021F8155F0012927F /* Products */ = {
			isa = PBXGroup;
			children = (
				6B95ED5F21F8155F0012927F /* AsposeDiagramCloud.framework */,
				6B95ED6821F8155F0012927F /* AsposeDiagramCloudTests.xctest */,
			);
			name = Products;
			sourceTree = "<group>";
		};
		6B95ED6121F8155F0012927F /* AsposeDiagramCloud */ = {
			isa = PBXGroup;
			children = (
				6B8E921721F99BF100907827 /* pal */,
				6B95ED9E21F866820012927F /* Swaggers */,
				6B95ED6221F8155F0012927F /* AsposeDiagramCloud.h */,
				6B95ED6321F8155F0012927F /* Info.plist */,
			);
			path = AsposeDiagramCloud;
			sourceTree = "<group>";
		};
		6B95ED6C21F8155F0012927F /* AsposeDiagramCloudTests */ = {
			isa = PBXGroup;
			children = (
				6BAA65BC23584991002294D1 /* AsposeDiagramCloudTests.swift */,
				6B504BA72359B2E200C1E1EA /* DiagramAPITests.swift */,
				6B5DDE732463F8970038F1BA /* DrawAPITests.swift */,
				6B95ED6F21F8155F0012927F /* Info.plist */,
				6B4FF310220426EA00D967DE /* OAuthAPITests.swift */,
				6B5DDE712463ECC40038F1BA /* PageAPITests.swift */,
				6BAA65BE2358506D002294D1 /* StorageAPITests.swift */,
			);
			path = AsposeDiagramCloudTests;
			sourceTree = "<group>";
		};
		6B95ED9E21F866820012927F /* Swaggers */ = {
			isa = PBXGroup;
			children = (
				6B95ED9F21F866820012927F /* APIHelper.swift */,
				6B95EDA021F866820012927F /* AlamofireImplementations.swift */,
				6B95EDA121F866820012927F /* APIs */,
				6B95EDA421F866820012927F /* APIs.swift */,
				6B95EDA521F866820012927F /* Models */,
				6B95EDB021F866820012927F /* Extensions.swift */,
				6B95EDB121F866820012927F /* Models.swift */,
			);
			path = Swaggers;
			sourceTree = "<group>";
		};
		6B95EDA121F866820012927F /* APIs */ = {
			isa = PBXGroup;
			children = (
				6B7B63772356FE4D00FB267B /* DiagramAPI.swift */,
				6B7B63782356FE4D00FB267B /* OAuthAPI.swift */,
				6B7B63792356FE4D00FB267B /* StorageAPI.swift */,
			);
			path = APIs;
			sourceTree = "<group>";
		};
		6B95EDA521F866820012927F /* Models */ = {
			isa = PBXGroup;
			children = (
				6B7B63882356FEC500FB267B /* AccessTokenResponse.swift */,
				6B5690F72462AC4D006045F2 /* ApiResponseOfListOfPageData.swift */,
				6B7B637E2356FEC500FB267B /* CreateNewResponse.swift */,
				6B7B63972356FEC600FB267B /* DiagramSaveOptions.swift */,
				6B7B639A2356FEC600FB267B /* DiscUsage.swift */,
				6B5690F92462AC4D006045F2 /* DrawShapeData.swift */,
				6B5690F62462AC4D006045F2 /* EllipseData.swift */,
				6B7B63992356FEC600FB267B /* ErrorDetails.swift */,
				6B7B638C2356FEC600FB267B /* ErrorInfo.swift */,
				6B7B639C2356FEC600FB267B /* FilesList.swift */,
				6B7B63982356FEC600FB267B /* FilesUploadResult.swift */,
				6B7B63942356FEC600FB267B /* FileVersion.swift */,
				6B7B63842356FEC500FB267B /* FileVersions.swift */,
				6B7B63872356FEC500FB267B /* HTMLSaveOptions.swift */,
				6B7B638A2356FEC500FB267B /* ImageSaveOptions.swift */,
				6B5690F42462AC4D006045F2 /* LineData.swift */,
				6B7B63892356FEC500FB267B /* ModifyResponse.swift */,
				6B7B63952356FEC600FB267B /* ObjectExist.swift */,
				6B5690F52462AC4D006045F2 /* PageData.swift */,
				6B5690F12462AC4D006045F2 /* PageSetting.swift */,
				6B7B638E2356FEC600FB267B /* PageSize.swift */,
				6B7B639B2356FEC600FB267B /* PdfDigitalSignatureDetails.swift */,
				6B7B63932356FEC600FB267B /* PdfEncryptionDetails.swift */,
				6B7B63822356FEC500FB267B /* PdfSaveOptions.swift */,
				6B7B63912356FEC600FB267B /* PointF.swift */,
				6B5690F32462AC4D006045F2 /* PolylineData.swift */,
				6B7B63832356FEC500FB267B /* RectangleF.swift */,
				6B7B63862356FEC500FB267B /* RenderingSaveOptions.swift */,
				6B7B63852356FEC500FB267B /* SaaSposeResponse.swift */,
				6B7B638B2356FEC600FB267B /* SaveAsResponse.swift */,
				6B7B638D2356FEC600FB267B /* SaveOptionsModel.swift */,
				6B7B63802356FEC500FB267B /* SaveOptionsRequest.swift */,
				6B5690F82462AC4D006045F2 /* ShapeData.swift */,
				6B5691032462AEE0006045F2 /* ShapeStyleData.swift */,
				6B7B63962356FEC600FB267B /* StorageExist.swift */,
				6B7B637D2356FEC500FB267B /* StorageFile.swift */,
				6B7B637F2356FEC500FB267B /* SVGSaveOptions.swift */,
				6B7B63812356FEC500FB267B /* SWFSaveOptions.swift */,
				6B5690F22462AC4D006045F2 /* TextStyleData.swift */,
				6B7B63922356FEC600FB267B /* UploadResponse.swift */,
				6B7B638F2356FEC600FB267B /* XAMLSaveOptions.swift */,
				6B7B63902356FEC600FB267B /* XPSSaveOptions.swift */,
			);
			path = Models;
			sourceTree = "<group>";
		};
		D9608DDEB57F5AB0054F3537 /* Pods */ = {
			isa = PBXGroup;
			children = (
				2645BB82DFD6E6E119F2165F /* Pods-AsposeDiagramCloud.debug.xcconfig */,
				187B118AB39938F6F7A52B04 /* Pods-AsposeDiagramCloud.release.xcconfig */,
				FDC59FB7849CAF82CD4AA812 /* Pods-AsposeDiagramCloudTests.debug.xcconfig */,
				EACC98A672E3962F78688520 /* Pods-AsposeDiagramCloudTests.release.xcconfig */,
			);
			name = Pods;
			sourceTree = "<group>";
		};
		FE3725DA5255A20068D8D25D /* Frameworks */ = {
			isa = PBXGroup;
			children = (
				6456DFEF28DDED3D24ABD4E9 /* Pods_AsposeDiagramCloud.framework */,
				2059740C370F7171FD9CB4AF /* Pods_AsposeDiagramCloudTests.framework */,
			);
			name = Frameworks;
			sourceTree = "<group>";
		};
/* End PBXGroup section */

/* Begin PBXHeadersBuildPhase section */
		6B95ED5A21F8155F0012927F /* Headers */ = {
			isa = PBXHeadersBuildPhase;
			buildActionMask = 2147483647;
			files = (
				6B95ED7021F8155F0012927F /* AsposeDiagramCloud.h in Headers */,
			);
			runOnlyForDeploymentPostprocessing = 0;
		};
/* End PBXHeadersBuildPhase section */

/* Begin PBXNativeTarget section */
		6B95ED5E21F8155F0012927F /* AsposeDiagramCloud */ = {
			isa = PBXNativeTarget;
			buildConfigurationList = 6B95ED7321F8155F0012927F /* Build configuration list for PBXNativeTarget "AsposeDiagramCloud" */;
			buildPhases = (
				487C36C72EEDDA662B65DC9F /* [CP] Check Pods Manifest.lock */,
				6B95ED5A21F8155F0012927F /* Headers */,
				6B95ED5B21F8155F0012927F /* Sources */,
				6B95ED5C21F8155F0012927F /* Frameworks */,
				6B95ED5D21F8155F0012927F /* Resources */,
			);
			buildRules = (
			);
			dependencies = (
			);
			name = AsposeDiagramCloud;
			productName = AsposeDiagramCloud;
			productReference = 6B95ED5F21F8155F0012927F /* AsposeDiagramCloud.framework */;
			productType = "com.apple.product-type.framework";
		};
		6B95ED6721F8155F0012927F /* AsposeDiagramCloudTests */ = {
			isa = PBXNativeTarget;
			buildConfigurationList = 6B95ED7621F8155F0012927F /* Build configuration list for PBXNativeTarget "AsposeDiagramCloudTests" */;
			buildPhases = (
				E4BA6583FEFFA277985EF924 /* [CP] Check Pods Manifest.lock */,
				6B95ED6421F8155F0012927F /* Sources */,
				6B95ED6521F8155F0012927F /* Frameworks */,
				6B95ED6621F8155F0012927F /* Resources */,
				34BF22AF5704CB10431BCB52 /* [CP] Embed Pods Frameworks */,
			);
			buildRules = (
			);
			dependencies = (
				6B95ED6B21F8155F0012927F /* PBXTargetDependency */,
			);
			name = AsposeDiagramCloudTests;
			productName = AsposeDiagramCloudTests;
			productReference = 6B95ED6821F8155F0012927F /* AsposeDiagramCloudTests.xctest */;
			productType = "com.apple.product-type.bundle.unit-test";
		};
/* End PBXNativeTarget section */

/* Begin PBXProject section */
		6B95ED5621F8155F0012927F /* Project object */ = {
			isa = PBXProject;
			attributes = {
				LastSwiftUpdateCheck = 1010;
				LastUpgradeCheck = 1010;
				ORGANIZATIONNAME = "leo luo";
				TargetAttributes = {
					6B95ED5E21F8155F0012927F = {
						CreatedOnToolsVersion = 10.1;
					};
					6B95ED6721F8155F0012927F = {
						CreatedOnToolsVersion = 10.1;
					};
				};
			};
			buildConfigurationList = 6B95ED5921F8155F0012927F /* Build configuration list for PBXProject "AsposeDiagramCloud" */;
			compatibilityVersion = "Xcode 9.3";
			developmentRegion = en;
			hasScannedForEncodings = 0;
			knownRegions = (
				en,
			);
			mainGroup = 6B95ED5521F8155F0012927F;
			productRefGroup = 6B95ED6021F8155F0012927F /* Products */;
			projectDirPath = "";
			projectRoot = "";
			targets = (
				6B95ED5E21F8155F0012927F /* AsposeDiagramCloud */,
				6B95ED6721F8155F0012927F /* AsposeDiagramCloudTests */,
			);
		};
/* End PBXProject section */

/* Begin PBXResourcesBuildPhase section */
		6B95ED5D21F8155F0012927F /* Resources */ = {
			isa = PBXResourcesBuildPhase;
			buildActionMask = 2147483647;
			files = (
			);
			runOnlyForDeploymentPostprocessing = 0;
		};
		6B95ED6621F8155F0012927F /* Resources */ = {
			isa = PBXResourcesBuildPhase;
			buildActionMask = 2147483647;
			files = (
				6B30AF2E21FB032E009780DE /* 123.vsd in Resources */,
				6B30AF3021FB032E009780DE /* file_get_1.vdx in Resources */,
				6B30AF2F21FB032E009780DE /* file_upload.vdx in Resources */,
				6BAA65C3235856FD002294D1 /* Source.vsd in Resources */,
				6BAA65C2235856FD002294D1 /* FileUpload.vdx in Resources */,
			);
			runOnlyForDeploymentPostprocessing = 0;
		};
/* End PBXResourcesBuildPhase section */

/* Begin PBXShellScriptBuildPhase section */
		34BF22AF5704CB10431BCB52 /* [CP] Embed Pods Frameworks */ = {
			isa = PBXShellScriptBuildPhase;
			buildActionMask = 2147483647;
			files = (
			);
			inputFileListPaths = (
			);
			inputPaths = (
				"${SRCROOT}/Pods/Target Support Files/Pods-AsposeDiagramCloudTests/Pods-AsposeDiagramCloudTests-frameworks.sh",
				"${BUILT_PRODUCTS_DIR}/Alamofire/Alamofire.framework",
			);
			name = "[CP] Embed Pods Frameworks";
			outputFileListPaths = (
			);
			outputPaths = (
				"${TARGET_BUILD_DIR}/${FRAMEWORKS_FOLDER_PATH}/Alamofire.framework",
			);
			runOnlyForDeploymentPostprocessing = 0;
			shellPath = /bin/sh;
			shellScript = "\"${SRCROOT}/Pods/Target Support Files/Pods-AsposeDiagramCloudTests/Pods-AsposeDiagramCloudTests-frameworks.sh\"\n";
			showEnvVarsInLog = 0;
		};
		487C36C72EEDDA662B65DC9F /* [CP] Check Pods Manifest.lock */ = {
			isa = PBXShellScriptBuildPhase;
			buildActionMask = 2147483647;
			files = (
			);
			inputFileListPaths = (
			);
			inputPaths = (
				"${PODS_PODFILE_DIR_PATH}/Podfile.lock",
				"${PODS_ROOT}/Manifest.lock",
			);
			name = "[CP] Check Pods Manifest.lock";
			outputFileListPaths = (
			);
			outputPaths = (
				"$(DERIVED_FILE_DIR)/Pods-AsposeDiagramCloud-checkManifestLockResult.txt",
			);
			runOnlyForDeploymentPostprocessing = 0;
			shellPath = /bin/sh;
			shellScript = "diff \"${PODS_PODFILE_DIR_PATH}/Podfile.lock\" \"${PODS_ROOT}/Manifest.lock\" > /dev/null\nif [ $? != 0 ] ; then\n    # print error to STDERR\n    echo \"error: The sandbox is not in sync with the Podfile.lock. Run 'pod install' or update your CocoaPods installation.\" >&2\n    exit 1\nfi\n# This output is used by Xcode 'outputs' to avoid re-running this script phase.\necho \"SUCCESS\" > \"${SCRIPT_OUTPUT_FILE_0}\"\n";
			showEnvVarsInLog = 0;
		};
		E4BA6583FEFFA277985EF924 /* [CP] Check Pods Manifest.lock */ = {
			isa = PBXShellScriptBuildPhase;
			buildActionMask = 2147483647;
			files = (
			);
			inputFileListPaths = (
			);
			inputPaths = (
				"${PODS_PODFILE_DIR_PATH}/Podfile.lock",
				"${PODS_ROOT}/Manifest.lock",
			);
			name = "[CP] Check Pods Manifest.lock";
			outputFileListPaths = (
			);
			outputPaths = (
				"$(DERIVED_FILE_DIR)/Pods-AsposeDiagramCloudTests-checkManifestLockResult.txt",
			);
			runOnlyForDeploymentPostprocessing = 0;
			shellPath = /bin/sh;
			shellScript = "diff \"${PODS_PODFILE_DIR_PATH}/Podfile.lock\" \"${PODS_ROOT}/Manifest.lock\" > /dev/null\nif [ $? != 0 ] ; then\n    # print error to STDERR\n    echo \"error: The sandbox is not in sync with the Podfile.lock. Run 'pod install' or update your CocoaPods installation.\" >&2\n    exit 1\nfi\n# This output is used by Xcode 'outputs' to avoid re-running this script phase.\necho \"SUCCESS\" > \"${SCRIPT_OUTPUT_FILE_0}\"\n";
			showEnvVarsInLog = 0;
		};
/* End PBXShellScriptBuildPhase section */

/* Begin PBXSourcesBuildPhase section */
		6B95ED5B21F8155F0012927F /* Sources */ = {
			isa = PBXSourcesBuildPhase;
			buildActionMask = 2147483647;
			files = (
				6B7B63B42356FEC600FB267B /* FileVersion.swift in Sources */,
				6B8E922221F99BF100907827 /* HttpStatusCode.swift in Sources */,
				6B7B63AE2356FEC600FB267B /* PageSize.swift in Sources */,
				6B5691002462AC4D006045F2 /* ApiResponseOfListOfPageData.swift in Sources */,
				6B7B639F2356FEC600FB267B /* SVGSaveOptions.swift in Sources */,
				6B7B63B52356FEC600FB267B /* ObjectExist.swift in Sources */,
				6B7B63BC2356FEC600FB267B /* FilesList.swift in Sources */,
				6B7B63B82356FEC600FB267B /* FilesUploadResult.swift in Sources */,
				6B7B63B12356FEC600FB267B /* PointF.swift in Sources */,
				6B5690FF2462AC4D006045F2 /* EllipseData.swift in Sources */,
				6B7B63AF2356FEC600FB267B /* XAMLSaveOptions.swift in Sources */,
				6B5691042462AEE1006045F2 /* ShapeStyleData.swift in Sources */,
				6B7B63B62356FEC600FB267B /* StorageExist.swift in Sources */,
				6B95EDC221F866820012927F /* Models.swift in Sources */,
				6B7B63BA2356FEC600FB267B /* DiscUsage.swift in Sources */,
				6B7B63B02356FEC600FB267B /* XPSSaveOptions.swift in Sources */,
				6B5690FA2462AC4D006045F2 /* PageSetting.swift in Sources */,
				6B7B63B22356FEC600FB267B /* UploadResponse.swift in Sources */,
				6B95EDB321F866820012927F /* AlamofireImplementations.swift in Sources */,
				6B5690FE2462AC4D006045F2 /* PageData.swift in Sources */,
				6B7B63A12356FEC600FB267B /* SWFSaveOptions.swift in Sources */,
				6B7B63A72356FEC600FB267B /* HTMLSaveOptions.swift in Sources */,
				6B7B63A82356FEC600FB267B /* AccessTokenResponse.swift in Sources */,
				6B95EDB221F866820012927F /* APIHelper.swift in Sources */,
				6B7B63A62356FEC600FB267B /* RenderingSaveOptions.swift in Sources */,
				6B7B63BB2356FEC600FB267B /* PdfDigitalSignatureDetails.swift in Sources */,
				6B7B63AB2356FEC600FB267B /* SaveAsResponse.swift in Sources */,
				6B8E922121F99BF100907827 /* AuthAspose.swift in Sources */,
				6B7B639D2356FEC600FB267B /* StorageFile.swift in Sources */,
				6B7B63B92356FEC600FB267B /* ErrorDetails.swift in Sources */,
				6B5691022462AC4D006045F2 /* DrawShapeData.swift in Sources */,
				6B5691012462AC4D006045F2 /* ShapeData.swift in Sources */,
				6B7B63A52356FEC600FB267B /* SaaSposeResponse.swift in Sources */,
				6B7B63A32356FEC600FB267B /* RectangleF.swift in Sources */,
				6B5690FC2462AC4D006045F2 /* PolylineData.swift in Sources */,
				6B8E921F21F99BF100907827 /* JSONEncodableEncoding.swift in Sources */,
				6B7B63B32356FEC600FB267B /* PdfEncryptionDetails.swift in Sources */,
				6B5690FB2462AC4D006045F2 /* TextStyleData.swift in Sources */,
				6B8E922021F99BF100907827 /* JSONEncodingHelper.swift in Sources */,
				6B7B63AC2356FEC600FB267B /* ErrorInfo.swift in Sources */,
				6B7B63AA2356FEC600FB267B /* ImageSaveOptions.swift in Sources */,
				6B7B63A02356FEC600FB267B /* SaveOptionsRequest.swift in Sources */,
				6B7B63A42356FEC600FB267B /* FileVersions.swift in Sources */,
				6B7B637C2356FE4D00FB267B /* StorageAPI.swift in Sources */,
				6B7B637B2356FE4D00FB267B /* OAuthAPI.swift in Sources */,
				6B5690FD2462AC4D006045F2 /* LineData.swift in Sources */,
				6B95EDB621F866820012927F /* APIs.swift in Sources */,
				6B7B637A2356FE4D00FB267B /* DiagramAPI.swift in Sources */,
				6B95EDC121F866820012927F /* Extensions.swift in Sources */,
				6B7B63A22356FEC600FB267B /* PdfSaveOptions.swift in Sources */,
				6B7B63A92356FEC600FB267B /* ModifyResponse.swift in Sources */,
				6B8E922321F99BF100907827 /* Configuration.swift in Sources */,
				6B7B63AD2356FEC600FB267B /* SaveOptionsModel.swift in Sources */,
				6B7B63B72356FEC600FB267B /* DiagramSaveOptions.swift in Sources */,
				6B8E921E21F99BF100907827 /* CodableHelper.swift in Sources */,
				6B7B639E2356FEC600FB267B /* CreateNewResponse.swift in Sources */,
			);
			runOnlyForDeploymentPostprocessing = 0;
		};
		6B95ED6421F8155F0012927F /* Sources */ = {
			isa = PBXSourcesBuildPhase;
			buildActionMask = 2147483647;
			files = (
				6B5DDE722463ECC40038F1BA /* PageAPITests.swift in Sources */,
				6BAA65BD23584991002294D1 /* AsposeDiagramCloudTests.swift in Sources */,
				6B5DDE742463F8970038F1BA /* DrawAPITests.swift in Sources */,
				6BAA65BF2358506D002294D1 /* StorageAPITests.swift in Sources */,
				6B504BA82359B2E200C1E1EA /* DiagramAPITests.swift in Sources */,
				6B4FF311220426EA00D967DE /* OAuthAPITests.swift in Sources */,
			);
			runOnlyForDeploymentPostprocessing = 0;
		};
/* End PBXSourcesBuildPhase section */

/* Begin PBXTargetDependency section */
		6B95ED6B21F8155F0012927F /* PBXTargetDependency */ = {
			isa = PBXTargetDependency;
			target = 6B95ED5E21F8155F0012927F /* AsposeDiagramCloud */;
			targetProxy = 6B95ED6A21F8155F0012927F /* PBXContainerItemProxy */;
		};
/* End PBXTargetDependency section */

/* Begin XCBuildConfiguration section */
		6B95ED7121F8155F0012927F /* Debug */ = {
			isa = XCBuildConfiguration;
			buildSettings = {
				ALWAYS_SEARCH_USER_PATHS = NO;
				CLANG_ANALYZER_NONNULL = YES;
				CLANG_ANALYZER_NUMBER_OBJECT_CONVERSION = YES_AGGRESSIVE;
				CLANG_CXX_LANGUAGE_STANDARD = "gnu++14";
				CLANG_CXX_LIBRARY = "libc++";
				CLANG_ENABLE_MODULES = YES;
				CLANG_ENABLE_OBJC_ARC = YES;
				CLANG_ENABLE_OBJC_WEAK = YES;
				CLANG_WARN_BLOCK_CAPTURE_AUTORELEASING = YES;
				CLANG_WARN_BOOL_CONVERSION = YES;
				CLANG_WARN_COMMA = YES;
				CLANG_WARN_CONSTANT_CONVERSION = YES;
				CLANG_WARN_DEPRECATED_OBJC_IMPLEMENTATIONS = YES;
				CLANG_WARN_DIRECT_OBJC_ISA_USAGE = YES_ERROR;
				CLANG_WARN_DOCUMENTATION_COMMENTS = YES;
				CLANG_WARN_EMPTY_BODY = YES;
				CLANG_WARN_ENUM_CONVERSION = YES;
				CLANG_WARN_INFINITE_RECURSION = YES;
				CLANG_WARN_INT_CONVERSION = YES;
				CLANG_WARN_NON_LITERAL_NULL_CONVERSION = YES;
				CLANG_WARN_OBJC_IMPLICIT_RETAIN_SELF = YES;
				CLANG_WARN_OBJC_LITERAL_CONVERSION = YES;
				CLANG_WARN_OBJC_ROOT_CLASS = YES_ERROR;
				CLANG_WARN_RANGE_LOOP_ANALYSIS = YES;
				CLANG_WARN_STRICT_PROTOTYPES = YES;
				CLANG_WARN_SUSPICIOUS_MOVE = YES;
				CLANG_WARN_UNGUARDED_AVAILABILITY = YES_AGGRESSIVE;
				CLANG_WARN_UNREACHABLE_CODE = YES;
				CLANG_WARN__DUPLICATE_METHOD_MATCH = YES;
				CODE_SIGN_IDENTITY = "iPhone Developer";
				COPY_PHASE_STRIP = NO;
				CURRENT_PROJECT_VERSION = 1;
				DEBUG_INFORMATION_FORMAT = dwarf;
				ENABLE_STRICT_OBJC_MSGSEND = YES;
				ENABLE_TESTABILITY = YES;
				GCC_C_LANGUAGE_STANDARD = gnu11;
				GCC_DYNAMIC_NO_PIC = NO;
				GCC_NO_COMMON_BLOCKS = YES;
				GCC_OPTIMIZATION_LEVEL = 0;
				GCC_PREPROCESSOR_DEFINITIONS = (
					"DEBUG=1",
					"$(inherited)",
				);
				GCC_WARN_64_TO_32_BIT_CONVERSION = YES;
				GCC_WARN_ABOUT_RETURN_TYPE = YES_ERROR;
				GCC_WARN_UNDECLARED_SELECTOR = YES;
				GCC_WARN_UNINITIALIZED_AUTOS = YES_AGGRESSIVE;
				GCC_WARN_UNUSED_FUNCTION = YES;
				GCC_WARN_UNUSED_VARIABLE = YES;
				IPHONEOS_DEPLOYMENT_TARGET = 12.1;
				MTL_ENABLE_DEBUG_INFO = INCLUDE_SOURCE;
				MTL_FAST_MATH = YES;
				ONLY_ACTIVE_ARCH = YES;
				SDKROOT = iphoneos;
				SWIFT_ACTIVE_COMPILATION_CONDITIONS = DEBUG;
				SWIFT_OPTIMIZATION_LEVEL = "-Onone";
				VERSIONING_SYSTEM = "apple-generic";
				VERSION_INFO_PREFIX = "";
			};
			name = Debug;
		};
		6B95ED7221F8155F0012927F /* Release */ = {
			isa = XCBuildConfiguration;
			buildSettings = {
				ALWAYS_SEARCH_USER_PATHS = NO;
				CLANG_ANALYZER_NONNULL = YES;
				CLANG_ANALYZER_NUMBER_OBJECT_CONVERSION = YES_AGGRESSIVE;
				CLANG_CXX_LANGUAGE_STANDARD = "gnu++14";
				CLANG_CXX_LIBRARY = "libc++";
				CLANG_ENABLE_MODULES = YES;
				CLANG_ENABLE_OBJC_ARC = YES;
				CLANG_ENABLE_OBJC_WEAK = YES;
				CLANG_WARN_BLOCK_CAPTURE_AUTORELEASING = YES;
				CLANG_WARN_BOOL_CONVERSION = YES;
				CLANG_WARN_COMMA = YES;
				CLANG_WARN_CONSTANT_CONVERSION = YES;
				CLANG_WARN_DEPRECATED_OBJC_IMPLEMENTATIONS = YES;
				CLANG_WARN_DIRECT_OBJC_ISA_USAGE = YES_ERROR;
				CLANG_WARN_DOCUMENTATION_COMMENTS = YES;
				CLANG_WARN_EMPTY_BODY = YES;
				CLANG_WARN_ENUM_CONVERSION = YES;
				CLANG_WARN_INFINITE_RECURSION = YES;
				CLANG_WARN_INT_CONVERSION = YES;
				CLANG_WARN_NON_LITERAL_NULL_CONVERSION = YES;
				CLANG_WARN_OBJC_IMPLICIT_RETAIN_SELF = YES;
				CLANG_WARN_OBJC_LITERAL_CONVERSION = YES;
				CLANG_WARN_OBJC_ROOT_CLASS = YES_ERROR;
				CLANG_WARN_RANGE_LOOP_ANALYSIS = YES;
				CLANG_WARN_STRICT_PROTOTYPES = YES;
				CLANG_WARN_SUSPICIOUS_MOVE = YES;
				CLANG_WARN_UNGUARDED_AVAILABILITY = YES_AGGRESSIVE;
				CLANG_WARN_UNREACHABLE_CODE = YES;
				CLANG_WARN__DUPLICATE_METHOD_MATCH = YES;
				CODE_SIGN_IDENTITY = "iPhone Developer";
				COPY_PHASE_STRIP = NO;
				CURRENT_PROJECT_VERSION = 1;
				DEBUG_INFORMATION_FORMAT = "dwarf-with-dsym";
				ENABLE_NS_ASSERTIONS = NO;
				ENABLE_STRICT_OBJC_MSGSEND = YES;
				GCC_C_LANGUAGE_STANDARD = gnu11;
				GCC_NO_COMMON_BLOCKS = YES;
				GCC_WARN_64_TO_32_BIT_CONVERSION = YES;
				GCC_WARN_ABOUT_RETURN_TYPE = YES_ERROR;
				GCC_WARN_UNDECLARED_SELECTOR = YES;
				GCC_WARN_UNINITIALIZED_AUTOS = YES_AGGRESSIVE;
				GCC_WARN_UNUSED_FUNCTION = YES;
				GCC_WARN_UNUSED_VARIABLE = YES;
				IPHONEOS_DEPLOYMENT_TARGET = 12.1;
				MTL_ENABLE_DEBUG_INFO = NO;
				MTL_FAST_MATH = YES;
				SDKROOT = iphoneos;
				SWIFT_COMPILATION_MODE = wholemodule;
				SWIFT_OPTIMIZATION_LEVEL = "-O";
				VALIDATE_PRODUCT = YES;
				VERSIONING_SYSTEM = "apple-generic";
				VERSION_INFO_PREFIX = "";
			};
			name = Release;
		};
		6B95ED7421F8155F0012927F /* Debug */ = {
			isa = XCBuildConfiguration;
			baseConfigurationReference = 2645BB82DFD6E6E119F2165F /* Pods-AsposeDiagramCloud.debug.xcconfig */;
			buildSettings = {
				CODE_SIGN_IDENTITY = "";
				CODE_SIGN_STYLE = Automatic;
				DEFINES_MODULE = YES;
				DYLIB_COMPATIBILITY_VERSION = 1;
				DYLIB_CURRENT_VERSION = 1;
				DYLIB_INSTALL_NAME_BASE = "@rpath";
				INFOPLIST_FILE = AsposeDiagramCloud/Info.plist;
				INSTALL_PATH = "$(LOCAL_LIBRARY_DIR)/Frameworks";
				LD_RUNPATH_SEARCH_PATHS = (
					"$(inherited)",
					"@executable_path/Frameworks",
					"@loader_path/Frameworks",
				);
				PRODUCT_BUNDLE_IDENTIFIER = Aspose.AsposeDiagramCloud;
				PRODUCT_NAME = "$(TARGET_NAME:c99extidentifier)";
				SKIP_INSTALL = YES;
				SWIFT_VERSION = 4.2;
				TARGETED_DEVICE_FAMILY = "1,2";
			};
			name = Debug;
		};
		6B95ED7521F8155F0012927F /* Release */ = {
			isa = XCBuildConfiguration;
			baseConfigurationReference = 187B118AB39938F6F7A52B04 /* Pods-AsposeDiagramCloud.release.xcconfig */;
			buildSettings = {
				CODE_SIGN_IDENTITY = "";
				CODE_SIGN_STYLE = Automatic;
				DEFINES_MODULE = YES;
				DYLIB_COMPATIBILITY_VERSION = 1;
				DYLIB_CURRENT_VERSION = 1;
				DYLIB_INSTALL_NAME_BASE = "@rpath";
				INFOPLIST_FILE = AsposeDiagramCloud/Info.plist;
				INSTALL_PATH = "$(LOCAL_LIBRARY_DIR)/Frameworks";
				LD_RUNPATH_SEARCH_PATHS = (
					"$(inherited)",
					"@executable_path/Frameworks",
					"@loader_path/Frameworks",
				);
				PRODUCT_BUNDLE_IDENTIFIER = Aspose.AsposeDiagramCloud;
				PRODUCT_NAME = "$(TARGET_NAME:c99extidentifier)";
				SKIP_INSTALL = YES;
				SWIFT_VERSION = 4.2;
				TARGETED_DEVICE_FAMILY = "1,2";
			};
			name = Release;
		};
		6B95ED7721F8155F0012927F /* Debug */ = {
			isa = XCBuildConfiguration;
			baseConfigurationReference = FDC59FB7849CAF82CD4AA812 /* Pods-AsposeDiagramCloudTests.debug.xcconfig */;
			buildSettings = {
				ALWAYS_EMBED_SWIFT_STANDARD_LIBRARIES = YES;
				CODE_SIGN_STYLE = Automatic;
				INFOPLIST_FILE = AsposeDiagramCloudTests/Info.plist;
				LD_RUNPATH_SEARCH_PATHS = (
					"$(inherited)",
					"@executable_path/Frameworks",
					"@loader_path/Frameworks",
				);
				PRODUCT_BUNDLE_IDENTIFIER = Aspose.AsposeDiagramCloudTests;
				PRODUCT_NAME = "$(TARGET_NAME)";
				SWIFT_VERSION = 4.2;
				TARGETED_DEVICE_FAMILY = "1,2";
			};
			name = Debug;
		};
		6B95ED7821F8155F0012927F /* Release */ = {
			isa = XCBuildConfiguration;
			baseConfigurationReference = EACC98A672E3962F78688520 /* Pods-AsposeDiagramCloudTests.release.xcconfig */;
			buildSettings = {
				ALWAYS_EMBED_SWIFT_STANDARD_LIBRARIES = YES;
				CODE_SIGN_STYLE = Automatic;
				INFOPLIST_FILE = AsposeDiagramCloudTests/Info.plist;
				LD_RUNPATH_SEARCH_PATHS = (
					"$(inherited)",
					"@executable_path/Frameworks",
					"@loader_path/Frameworks",
				);
				PRODUCT_BUNDLE_IDENTIFIER = Aspose.AsposeDiagramCloudTests;
				PRODUCT_NAME = "$(TARGET_NAME)";
				SWIFT_VERSION = 4.2;
				TARGETED_DEVICE_FAMILY = "1,2";
			};
			name = Release;
		};
/* End XCBuildConfiguration section */

/* Begin XCConfigurationList section */
		6B95ED5921F8155F0012927F /* Build configuration list for PBXProject "AsposeDiagramCloud" */ = {
			isa = XCConfigurationList;
			buildConfigurations = (
				6B95ED7121F8155F0012927F /* Debug */,
				6B95ED7221F8155F0012927F /* Release */,
			);
			defaultConfigurationIsVisible = 0;
			defaultConfigurationName = Release;
		};
		6B95ED7321F8155F0012927F /* Build configuration list for PBXNativeTarget "AsposeDiagramCloud" */ = {
			isa = XCConfigurationList;
			buildConfigurations = (
				6B95ED7421F8155F0012927F /* Debug */,
				6B95ED7521F8155F0012927F /* Release */,
			);
			defaultConfigurationIsVisible = 0;
			defaultConfigurationName = Release;
		};
		6B95ED7621F8155F0012927F /* Build configuration list for PBXNativeTarget "AsposeDiagramCloudTests" */ = {
			isa = XCConfigurationList;
			buildConfigurations = (
				6B95ED7721F8155F0012927F /* Debug */,
				6B95ED7821F8155F0012927F /* Release */,
			);
			defaultConfigurationIsVisible = 0;
			defaultConfigurationName = Release;
		};
/* End XCConfigurationList section */
	};
	rootObject = 6B95ED5621F8155F0012927F /* Project object */;
}
